
Microsoft Visual Studio Solution File, Format Version 12.00
# Visual Studio Version 17
VisualStudioVersion = 17.11.35312.102
MinimumVisualStudioVersion = 10.0.40219.1
Project("{9A19103F-16F7-4668-BE54-9A1E7A4F7556}") = "ClassLibrary2", "ClassLibrary2\ClassLibrary2.csproj", "{2A3D358C-7F3C-4045-80CF-8DE14DB245B1}"
EndProject
Project("{FAE04EC0-301F-11D3-BF4B-00C04F79EFBC}") = "ClassLibrary1.DAL", "ClassLibrary1.DEL\ClassLibrary1.DAL.csproj", "{52224CC7-8CBE-42AC-8810-3DADD7A1A9B4}"
EndProject
Project("{FAE04EC0-301F-11D3-BF4B-00C04F79EFBC}") = "ConsoleApp1", "ConsoleApp1\ConsoleApp1.csproj", "{AA0EFDC0-2F03-4753-B2EE-A8453291A593}"
EndProject
Global
	GlobalSection(SolutionConfigurationPlatforms) = preSolution
		Debug|Any CPU = Debug|Any CPU
		Release|Any CPU = Release|Any CPU
	EndGlobalSection
	GlobalSection(ProjectConfigurationPlatforms) = postSolution
		{2A3D358C-7F3C-4045-80CF-8DE14DB245B1}.Debug|Any CPU.ActiveCfg = Debug|Any CPU
		{2A3D358C-7F3C-4045-80CF-8DE14DB245B1}.Debug|Any CPU.Build.0 = Debug|Any CPU
		{2A3D358C-7F3C-4045-80CF-8DE14DB245B1}.Release|Any CPU.ActiveCfg = Release|Any CPU
		{2A3D358C-7F3C-4045-80CF-8DE14DB245B1}.Release|Any CPU.Build.0 = Release|Any CPU
		{52224CC7-8CBE-42AC-8810-3DADD7A1A9B4}.Debug|Any CPU.ActiveCfg = Debug|Any CPU
		{52224CC7-8CBE-42AC-8810-3DADD7A1A9B4}.Debug|Any CPU.Build.0 = Debug|Any CPU
		{52224CC7-8CBE-42AC-8810-3DADD7A1A9B4}.Release|Any CPU.ActiveCfg = Release|Any CPU
		{52224CC7-8CBE-42AC-8810-3DADD7A1A9B4}.Release|Any CPU.Build.0 = Release|Any CPU
		{AA0EFDC0-2F03-4753-B2EE-A8453291A593}.Debug|Any CPU.ActiveCfg = Debug|Any CPU
		{AA0EFDC0-2F03-4753-B2EE-A8453291A593}.Debug|Any CPU.Build.0 = Debug|Any CPU
		{AA0EFDC0-2F03-4753-B2EE-A8453291A593}.Release|Any CPU.ActiveCfg = Release|Any CPU
		{AA0EFDC0-2F03-4753-B2EE-A8453291A593}.Release|Any CPU.Build.0 = Release|Any CPU
	EndGlobalSection
	GlobalSection(SolutionProperties) = preSolution
		HideSolutionNode = FALSE
	EndGlobalSection
	GlobalSection(ExtensibilityGlobals) = postSolution
		SolutionGuid = {07F726E8-978E-4120-A743-AFADBDA492B7}
	EndGlobalSection
EndGlobal
